
Microsoft Visual Studio Solution File, Format Version 12.00
# Visual Studio Version 17
VisualStudioVersion = 17.8.34322.80
MinimumVisualStudioVersion = 10.0.40219.1
Project("{9A19103F-16F7-4668-BE54-9A1E7A4F7556}") = "App.SQLQuerryClient", "App.SQLQuerryClient\App.SQLQuerryClient.csproj", "{8F9B0FBF-FC9B-4140-BAE3-AB8274E257CB}"
EndProject
Project("{9A19103F-16F7-4668-BE54-9A1E7A4F7556}") = "App.SQLQueryEngine", "App.SQLQueryEngine\App.SQLQueryEngine.csproj", "{7D8A7B07-0607-40FB-B8DC-C3EF41BAA32E}"
EndProject
Global
	GlobalSection(SolutionConfigurationPlatforms) = preSolution
		Debug|Any CPU = Debug|Any CPU
		Release|Any CPU = Release|Any CPU
	EndGlobalSection
	GlobalSection(ProjectConfigurationPlatforms) = postSolution
		{8F9B0FBF-FC9B-4140-BAE3-AB8274E257CB}.Debug|Any CPU.ActiveCfg = Debug|Any CPU
		{8F9B0FBF-FC9B-4140-BAE3-AB8274E257CB}.Debug|Any CPU.Build.0 = Debug|Any CPU
		{8F9B0FBF-FC9B-4140-BAE3-AB8274E257CB}.Release|Any CPU.ActiveCfg = Release|Any CPU
		{8F9B0FBF-FC9B-4140-BAE3-AB8274E257CB}.Release|Any CPU.Build.0 = Release|Any CPU
		{7D8A7B07-0607-40FB-B8DC-C3EF41BAA32E}.Debug|Any CPU.ActiveCfg = Debug|Any CPU
		{7D8A7B07-0607-40FB-B8DC-C3EF41BAA32E}.Debug|Any CPU.Build.0 = Debug|Any CPU
		{7D8A7B07-0607-40FB-B8DC-C3EF41BAA32E}.Release|Any CPU.ActiveCfg = Release|Any CPU
		{7D8A7B07-0607-40FB-B8DC-C3EF41BAA32E}.Release|Any CPU.Build.0 = Release|Any CPU
	EndGlobalSection
	GlobalSection(SolutionProperties) = preSolution
		HideSolutionNode = FALSE
	EndGlobalSection
	GlobalSection(ExtensibilityGlobals) = postSolution
		SolutionGuid = {9B5DABBB-2F7F-4395-98CA-DDAB247CDD1A}
	EndGlobalSection
EndGlobal
